schema: '2.0'
stages:
  ingest:
    cmd: python src/ingest.py
    deps:
    - path: data/raw/house_price.csv
      hash: md5
      md5: 2911f2d79a55ab8776b2949e35d79681
      size: 91297
    - path: src/ingest.py
      hash: md5
      md5: 3afb23cb3d1b3261c1275af5ffc0edf4
      size: 1828
    params:
      params.yaml:
        base:
          random_state: 42
          target: Price
        data:
          test_size: 0.2
          raw_path: data/raw/house_price.csv
          processed_train: data/processed/train.csv
          processed_test: data/processed/test.csv
        features:
          drop_cols:
          - Id
          numerical:
          - Area
          - Bedrooms
          - Bathrooms
          - Floors
          - YearBuilt
          categorical:
          - Location
          - Condition
          - Garage
          correlation_threshold: 0.0
    outs:
    - path: data/processed/test.csv
      hash: md5
      md5: f9fd1629b1b38c0ba2c7d9a1a284570c
      size: 16237
    - path: data/processed/train.csv
      hash: md5
      md5: 8bf859313dc71344f7812ca7dc0b5b1b
      size: 64236
  preprocess:
    cmd: python src/preprocess.py
    deps:
    - path: data/processed/test.csv
      hash: md5
      md5: 2229c55bf7b4414e4f15349a63d6a9a8
      size: 67293
    - path: data/processed/train.csv
      hash: md5
      md5: 0d84fba7d6016d5e4785f70ae96c9117
      size: 267544
    - path: src/preprocess.py
      hash: md5
      md5: e3072f05134800716537a7fb9c112d60
      size: 11636
    params:
      params.yaml:
        base:
          random_state: 42
          target: Price
        data:
          test_size: 0.2
          raw_path: data/raw/house_price.csv
          processed_train: data/processed/train.csv
          processed_test: data/processed/test.csv
        features:
          drop_cols:
          - Id
          numerical:
          - Area
          - Bedrooms
          - Bathrooms
          - Floors
          - YearBuilt
          categorical:
          - Location
          - Condition
          - Garage
          correlation_threshold: 0.0
    outs:
    - path: data/processed/preprocessor.pkl
      hash: md5
      md5: c7cf916cd2b192df4051d09290ce2abf
      size: 2220
  train:
    cmd: python src/train.py
    deps:
    - path: data/processed/train.csv
      hash: md5
      md5: 0d84fba7d6016d5e4785f70ae96c9117
      size: 267544
    - path: src/train.py
      hash: md5
      md5: 764fa01b4d7961e132359aa97bd307e5
      size: 10680
    params:
      params.yaml:
        base:
          random_state: 42
          target: Price
        data:
          test_size: 0.2
          raw_path: data/raw/house_price.csv
          processed_train: data/processed/train.csv
          processed_test: data/processed/test.csv
        model:
          n_estimators: 100
          max_depth: 10
          min_samples_split: 5
          min_samples_leaf: 2
          dt_max_depth: 5
          dt_min_samples_split: 10
          ridge_alpha: 1.0
          lasso_alpha: 1.0
          elasticnet_alpha: 1.0
          elasticnet_l1_ratio: 0.5
          xgb_n_estimators: 100
          xgb_max_depth: 6
          xgb_learning_rate: 0.1
          xgb_subsample: 0.8
          lgb_n_estimators: 100
          lgb_max_depth: 6
          lgb_learning_rate: 0.1
          lgb_num_leaves: 31
    outs:
    - path: model.pkl
      hash: md5
      md5: 402c7b24fa8044a454851f286ca8b74e
      size: 1027
  evaluate:
    cmd: python src/evaluate.py
    deps:
    - path: data/processed/test.csv
      hash: md5
      md5: 2229c55bf7b4414e4f15349a63d6a9a8
      size: 67293
    - path: model.pkl
      hash: md5
      md5: 402c7b24fa8044a454851f286ca8b74e
      size: 1027
    - path: src/evaluate.py
      hash: md5
      md5: 4ada3f26dde43205ad80d6281649fbc9
      size: 2667
    params:
      params.yaml:
        base:
          random_state: 42
          target: Price
        data:
          test_size: 0.2
          raw_path: data/raw/house_price.csv
          processed_train: data/processed/train.csv
          processed_test: data/processed/test.csv
        evaluate:
          metrics_path: data/reports/metrics.json
    outs:
    - path: data/reports/metrics.json
      hash: md5
      md5: d874c3db9f6e22fbdc574d4a75a8097b
      size: 127
  monitor:
    cmd: python src/monitor.py
    deps:
    - path: data/processed/train.csv
      hash: md5
      md5: 0d84fba7d6016d5e4785f70ae96c9117
      size: 267544
    - path: model.pkl
      hash: md5
      md5: 402c7b24fa8044a454851f286ca8b74e
      size: 1027
    - path: src/monitor.py
      hash: md5
      md5: 993b980c843eea2dd5dfbea2ac25d136
      size: 8718
    params:
      params.yaml:
        base:
          random_state: 42
          target: Price
        data:
          test_size: 0.2
          raw_path: data/raw/house_price.csv
          processed_train: data/processed/train.csv
          processed_test: data/processed/test.csv
        monitoring:
          drift_threshold: 0.05
          report_path: data/reports/drift_report.html
    outs:
    - path: data/reports/drift_report.html
      hash: md5
      md5: 5fe1765b1bcaaacc0434822fc19594b4
      size: 3659171
    - path: data/reports/retrain_trigger.json
      hash: md5
      md5: cbe8a847d4784767c9adc6f6b099a7de
      size: 235
